
Microsoft Visual Studio Solution File, Format Version 12.00
# Visual Studio 15
VisualStudioVersion = 15.0.28010.2050
MinimumVisualStudioVersion = 10.0.40219.1
Project("{F14B399A-7131-4C87-9E4B-1186C45EF12D}") = "SSRS.Hierarchies", "SSRS.Hierarchies\SSRS.Hierarchies.rptproj", "{AE227A0C-2F89-4ECD-9693-7ADD8296D074}"
EndProject
Global
	GlobalSection(SolutionConfigurationPlatforms) = preSolution
		Debug|Default = Debug|Default
		DebugLocal|Default = DebugLocal|Default
		Release|Default = Release|Default
	EndGlobalSection
	GlobalSection(ProjectConfigurationPlatforms) = postSolution
		{AE227A0C-2F89-4ECD-9693-7ADD8296D074}.Debug|Default.ActiveCfg = Debug
		{AE227A0C-2F89-4ECD-9693-7ADD8296D074}.Debug|Default.Build.0 = Debug
		{AE227A0C-2F89-4ECD-9693-7ADD8296D074}.Debug|Default.Deploy.0 = Debug
		{AE227A0C-2F89-4ECD-9693-7ADD8296D074}.DebugLocal|Default.ActiveCfg = DebugLocal
		{AE227A0C-2F89-4ECD-9693-7ADD8296D074}.DebugLocal|Default.Build.0 = DebugLocal
		{AE227A0C-2F89-4ECD-9693-7ADD8296D074}.Release|Default.ActiveCfg = Release
		{AE227A0C-2F89-4ECD-9693-7ADD8296D074}.Release|Default.Build.0 = Release
		{AE227A0C-2F89-4ECD-9693-7ADD8296D074}.Release|Default.Deploy.0 = Release
	EndGlobalSection
	GlobalSection(SolutionProperties) = preSolution
		HideSolutionNode = FALSE
	EndGlobalSection
	GlobalSection(ExtensibilityGlobals) = postSolution
		SolutionGuid = {50777E87-9652-4DD9-8CDE-96B4CB674099}
	EndGlobalSection
EndGlobal
