
Microsoft Visual Studio Solution File, Format Version 12.00
# Visual Studio 15
VisualStudioVersion = 15.0.28307.102
MinimumVisualStudioVersion = 10.0.40219.1
Project("{159641D6-6404-4A2A-AE62-294DE0FE8301}") = "Process.Parallel", "Process.Parallel\Process.Parallel.dtproj", "{15F2B92C-A2B6-45DD-93D8-6692B7DCC661}"
EndProject
Global
	GlobalSection(SolutionConfigurationPlatforms) = preSolution
		DEV|Default = DEV|Default
		DEV02|Default = DEV02|Default
		PROD|Default = PROD|Default
		UAT|Default = UAT|Default
		UAT02|Default = UAT02|Default
	EndGlobalSection
	GlobalSection(ProjectConfigurationPlatforms) = postSolution
		{15F2B92C-A2B6-45DD-93D8-6692B7DCC661}.DEV|Default.ActiveCfg = DEV
		{15F2B92C-A2B6-45DD-93D8-6692B7DCC661}.DEV|Default.Build.0 = DEV
		{15F2B92C-A2B6-45DD-93D8-6692B7DCC661}.DEV02|Default.ActiveCfg = DEV02
		{15F2B92C-A2B6-45DD-93D8-6692B7DCC661}.DEV02|Default.Build.0 = DEV02
		{15F2B92C-A2B6-45DD-93D8-6692B7DCC661}.PROD|Default.ActiveCfg = PROD
		{15F2B92C-A2B6-45DD-93D8-6692B7DCC661}.PROD|Default.Build.0 = PROD
		{15F2B92C-A2B6-45DD-93D8-6692B7DCC661}.UAT|Default.ActiveCfg = UAT
		{15F2B92C-A2B6-45DD-93D8-6692B7DCC661}.UAT|Default.Build.0 = UAT
		{15F2B92C-A2B6-45DD-93D8-6692B7DCC661}.UAT02|Default.ActiveCfg = UAT02
		{15F2B92C-A2B6-45DD-93D8-6692B7DCC661}.UAT02|Default.Build.0 = UAT02
	EndGlobalSection
	GlobalSection(SolutionProperties) = preSolution
		HideSolutionNode = FALSE
	EndGlobalSection
	GlobalSection(ExtensibilityGlobals) = postSolution
		SolutionGuid = {E57FC861-7CF3-4F16-A91F-81556D6723F6}
	EndGlobalSection
EndGlobal
